<Solution>
  <Project Path="AcademiaDoZe.Application/AcademiaDoZe.Application.csproj" Id="ee75a7cf-1be3-4481-bc08-c4179ca2400d" />
  <Project Path="AcademiadoZE.Domain.Tests/AcademiadoZE.Domain.Tests.csproj" />
  <Project Path="AcademiadoZE.Domain/AcademiadoZE.Domain.csproj" />
  <Project Path="AcademiaDoZe.Infrastructure.Tests/AcademiaDoZe.Infrastructure.Tests.csproj" Id="ed72924a-41f7-41a7-87c8-ce114e9763fb" />
  <Project Path="AcademiaDoZe.Infrastructure/AcademiaDoZe.Infrastructure.csproj" Id="06c56fed-9c9c-44b2-960b-42346b5ddcfc" />
</Solution>
